
Microsoft Visual Studio Solution File, Format Version 12.00
# Visual Studio Version 17
VisualStudioVersion = 17.4.33205.214
MinimumVisualStudioVersion = 10.0.40219.1
Project("{FAE04EC0-301F-11D3-BF4B-00C04F79EFBC}") = "Forum8", "Forum8\Forum8.csproj", "{86B153CA-F4B1-46D0-BD73-C7B31609C8A1}"
EndProject
Global
	GlobalSection(SolutionConfigurationPlatforms) = preSolution
		Debug|Any CPU = Debug|Any CPU
		Release|Any CPU = Release|Any CPU
	EndGlobalSection
	GlobalSection(ProjectConfigurationPlatforms) = postSolution
		{86B153CA-F4B1-46D0-BD73-C7B31609C8A1}.Debug|Any CPU.ActiveCfg = Debug|Any CPU
		{86B153CA-F4B1-46D0-BD73-C7B31609C8A1}.Debug|Any CPU.Build.0 = Debug|Any CPU
		{86B153CA-F4B1-46D0-BD73-C7B31609C8A1}.Release|Any CPU.ActiveCfg = Release|Any CPU
		{86B153CA-F4B1-46D0-BD73-C7B31609C8A1}.Release|Any CPU.Build.0 = Release|Any CPU
	EndGlobalSection
	GlobalSection(SolutionProperties) = preSolution
		HideSolutionNode = FALSE
	EndGlobalSection
	GlobalSection(ExtensibilityGlobals) = postSolution
		SolutionGuid = {3AD4D955-E2A6-4DB9-8A33-C4A9AD7B195C}
	EndGlobalSection
EndGlobal
